
Microsoft Visual Studio Solution File, Format Version 12.00
# Visual Studio Version 17
VisualStudioVersion = 17.14.37216.2 d17.14
MinimumVisualStudioVersion = 10.0.40219.1
Project("{F184B08F-C81C-45F6-A57F-5ABD9991F28F}") = "IMASTS-Inventory-Management-and-Sales-Tracking-System", "IMASTS-Inventory-Management-and-Sales-Tracking-System\IMASTS-Inventory-Management-and-Sales-Tracking-System.vbproj", "{CE7E0B02-4A27-4E18-B189-2A7EC46D17AF}"
EndProject
Global
	GlobalSection(SolutionConfigurationPlatforms) = preSolution
		Debug|Any CPU = Debug|Any CPU
		Release|Any CPU = Release|Any CPU
	EndGlobalSection
	GlobalSection(ProjectConfigurationPlatforms) = postSolution
		{CE7E0B02-4A27-4E18-B189-2A7EC46D17AF}.Debug|Any CPU.ActiveCfg = Debug|Any CPU
		{CE7E0B02-4A27-4E18-B189-2A7EC46D17AF}.Debug|Any CPU.Build.0 = Debug|Any CPU
		{CE7E0B02-4A27-4E18-B189-2A7EC46D17AF}.Release|Any CPU.ActiveCfg = Release|Any CPU
		{CE7E0B02-4A27-4E18-B189-2A7EC46D17AF}.Release|Any CPU.Build.0 = Release|Any CPU
	EndGlobalSection
	GlobalSection(SolutionProperties) = preSolution
		HideSolutionNode = FALSE
	EndGlobalSection
	GlobalSection(ExtensibilityGlobals) = postSolution
		SolutionGuid = {2CF975C2-2CBC-48FA-81BA-ADF7B36E2F6A}
	EndGlobalSection
EndGlobal
